
Microsoft Visual Studio Solution File, Format Version 12.00
# Visual Studio 14
VisualStudioVersion = 14.0.24720.0
MinimumVisualStudioVersion = 10.0.40219.1
Project("{FAE04EC0-301F-11D3-BF4B-00C04F79EFBC}") = "Gallery3WinForm", "Gallery3WinForm\Gallery3WinForm.csproj", "{F41BACC4-C21A-4E88-82CD-24A17B054383}"
EndProject
Global
	GlobalSection(SolutionConfigurationPlatforms) = preSolution
		Debug|Any CPU = Debug|Any CPU
		Release|Any CPU = Release|Any CPU
	EndGlobalSection
	GlobalSection(ProjectConfigurationPlatforms) = postSolution
		{F41BACC4-C21A-4E88-82CD-24A17B054383}.Debug|Any CPU.ActiveCfg = Debug|Any CPU
		{F41BACC4-C21A-4E88-82CD-24A17B054383}.Debug|Any CPU.Build.0 = Debug|Any CPU
		{F41BACC4-C21A-4E88-82CD-24A17B054383}.Release|Any CPU.ActiveCfg = Release|Any CPU
		{F41BACC4-C21A-4E88-82CD-24A17B054383}.Release|Any CPU.Build.0 = Release|Any CPU
	EndGlobalSection
	GlobalSection(SolutionProperties) = preSolution
		HideSolutionNode = FALSE
	EndGlobalSection
EndGlobal
